
Microsoft Visual Studio Solution File, Format Version 12.00
Project("{FAE04EC0-301F-11D3-BF4B-00C04F79EFBC}") = "MyMovies", "backend\src\MyMovies.csproj", "{5CB057B4-97A7-4FDE-9635-81CB91D2368C}"
EndProject
Project("{2150E333-8FDC-42A3-9474-1A3956D46DE8}") = "Solution Items", "Solution Items", "{B9C62B0E-69BA-48CD-8D41-80392E4FB5D0}"
	ProjectSection(SolutionItems) = preProject
		docker-compose.yml = docker-compose.yml
	EndProjectSection
EndProject
Project("{2150E333-8FDC-42A3-9474-1A3956D46DE8}") = "src", "src", "{B970EDC7-396F-4189-8AA5-B1D11CEB38B5}"
EndProject
Project("{2150E333-8FDC-42A3-9474-1A3956D46DE8}") = "tests", "tests", "{EA2F20A4-2660-4110-AFD9-862AEB521969}"
EndProject
Project("{FAE04EC0-301F-11D3-BF4B-00C04F79EFBC}") = "MyMovies.Tests", "MyMovies.Tests\MyMovies.Tests.csproj", "{6A704D87-1DAE-4C56-A0CD-75F50FF433D1}"
EndProject
Global
	GlobalSection(SolutionConfigurationPlatforms) = preSolution
		Debug|Any CPU = Debug|Any CPU
		Release|Any CPU = Release|Any CPU
	EndGlobalSection
	GlobalSection(ProjectConfigurationPlatforms) = postSolution
		{5CB057B4-97A7-4FDE-9635-81CB91D2368C}.Debug|Any CPU.ActiveCfg = Debug|Any CPU
		{5CB057B4-97A7-4FDE-9635-81CB91D2368C}.Debug|Any CPU.Build.0 = Debug|Any CPU
		{5CB057B4-97A7-4FDE-9635-81CB91D2368C}.Release|Any CPU.ActiveCfg = Release|Any CPU
		{5CB057B4-97A7-4FDE-9635-81CB91D2368C}.Release|Any CPU.Build.0 = Release|Any CPU
		{6A704D87-1DAE-4C56-A0CD-75F50FF433D1}.Debug|Any CPU.ActiveCfg = Debug|Any CPU
		{6A704D87-1DAE-4C56-A0CD-75F50FF433D1}.Debug|Any CPU.Build.0 = Debug|Any CPU
		{6A704D87-1DAE-4C56-A0CD-75F50FF433D1}.Release|Any CPU.ActiveCfg = Release|Any CPU
		{6A704D87-1DAE-4C56-A0CD-75F50FF433D1}.Release|Any CPU.Build.0 = Release|Any CPU
	EndGlobalSection
	GlobalSection(NestedProjects) = preSolution
		{5CB057B4-97A7-4FDE-9635-81CB91D2368C} = {B970EDC7-396F-4189-8AA5-B1D11CEB38B5}
		{6A704D87-1DAE-4C56-A0CD-75F50FF433D1} = {EA2F20A4-2660-4110-AFD9-862AEB521969}
	EndGlobalSection
EndGlobal
